
Microsoft Visual Studio Solution File, Format Version 12.00
# Visual Studio Version 17
VisualStudioVersion = 17.12.35707.178
MinimumVisualStudioVersion = 10.0.40219.1
Project("{8BC9CEB8-8B4A-11D0-8D11-00A0C91BC942}") = "game", "game.vcxproj", "{2FC49121-C1BE-42CB-9F34-69ACA69F94E9}"
EndProject
Global
	GlobalSection(SolutionConfigurationPlatforms) = preSolution
		Debug|x64 = Debug|x64
		Debug|x86 = Debug|x86
		Debug+AS_DEBUG|x64 = Debug+AS_DEBUG|x64
		Debug+AS_DEBUG|x86 = Debug+AS_DEBUG|x86
		Debug+ASAN|x64 = Debug+ASAN|x64
		Debug+ASAN|x86 = Debug+ASAN|x86
		Release|x64 = Release|x64
		Release|x86 = Release|x86
	EndGlobalSection
	GlobalSection(ProjectConfigurationPlatforms) = postSolution
		{2FC49121-C1BE-42CB-9F34-69ACA69F94E9}.Debug|x64.ActiveCfg = Debug|x64
		{2FC49121-C1BE-42CB-9F34-69ACA69F94E9}.Debug|x64.Build.0 = Debug|x64
		{2FC49121-C1BE-42CB-9F34-69ACA69F94E9}.Debug|x86.ActiveCfg = Debug|x64
		{2FC49121-C1BE-42CB-9F34-69ACA69F94E9}.Debug+AS_DEBUG|x64.ActiveCfg = Debug+AS_DEBUG|x64
		{2FC49121-C1BE-42CB-9F34-69ACA69F94E9}.Debug+AS_DEBUG|x64.Build.0 = Debug+AS_DEBUG|x64
		{2FC49121-C1BE-42CB-9F34-69ACA69F94E9}.Debug+AS_DEBUG|x86.ActiveCfg = Debug+AS_DEBUG|x64
		{2FC49121-C1BE-42CB-9F34-69ACA69F94E9}.Debug+AS_DEBUG|x86.Build.0 = Debug+AS_DEBUG|x64
		{2FC49121-C1BE-42CB-9F34-69ACA69F94E9}.Debug+ASAN|x64.ActiveCfg = Debug+ASAN|x64
		{2FC49121-C1BE-42CB-9F34-69ACA69F94E9}.Debug+ASAN|x64.Build.0 = Debug+ASAN|x64
		{2FC49121-C1BE-42CB-9F34-69ACA69F94E9}.Debug+ASAN|x86.ActiveCfg = Debug+ASAN|x64
		{2FC49121-C1BE-42CB-9F34-69ACA69F94E9}.Debug+ASAN|x86.Build.0 = Debug+ASAN|x64
		{2FC49121-C1BE-42CB-9F34-69ACA69F94E9}.Release|x64.ActiveCfg = Release|x64
		{2FC49121-C1BE-42CB-9F34-69ACA69F94E9}.Release|x64.Build.0 = Release|x64
		{2FC49121-C1BE-42CB-9F34-69ACA69F94E9}.Release|x86.ActiveCfg = Release|x64
	EndGlobalSection
	GlobalSection(SolutionProperties) = preSolution
		HideSolutionNode = FALSE
	EndGlobalSection
EndGlobal
