<?xml version="1.0" encoding="utf-8"?>
<Project ToolsVersion="4.0" xmlns="http://schemas.microsoft.com/developer/msbuild/2003">
  <ItemGroup>
    <ClCompile Include="cg_main.cpp" />
    <ClCompile Include="g_main.cpp" />
    <ClCompile Include="as\q2as_cgame.cpp">
      <Filter>as</Filter>
    </ClCompile>
    <ClCompile Include="as\q2as_cvar.cpp">
      <Filter>as</Filter>
    </ClCompile>
    <ClCompile Include="as\q2as_debugging.cpp">
      <Filter>as</Filter>
    </ClCompile>
    <ClCompile Include="as\q2as_game.cpp">
      <Filter>as</Filter>
    </ClCompile>
    <ClCompile Include="as\q2as_imports.cpp">
      <Filter>as</Filter>
    </ClCompile>
    <ClCompile Include="as\q2as_json.cpp">
      <Filter>as</Filter>
    </ClCompile>
    <ClCompile Include="as\q2as_limits.cpp">
      <Filter>as</Filter>
    </ClCompile>
    <ClCompile Include="as\q2as_main.cpp">
      <Filter>as</Filter>
    </ClCompile>
    <ClCompile Include="as\q2as_math.cpp">
      <Filter>as</Filter>
    </ClCompile>
    <ClCompile Include="as\q2as_playerstate.cpp">
      <Filter>as</Filter>
    </ClCompile>
    <ClCompile Include="as\q2as_pmove.cpp">
      <Filter>as</Filter>
    </ClCompile>
    <ClCompile Include="as\q2as_predefined.cpp">
      <Filter>as</Filter>
    </ClCompile>
    <ClCompile Include="as\q2as_random.cpp">
      <Filter>as</Filter>
    </ClCompile>
    <ClCompile Include="as\q2as_reflect.cpp">
      <Filter>as</Filter>
    </ClCompile>
    <ClCompile Include="as\q2as_state.cpp">
      <Filter>as</Filter>
    </ClCompile>
    <ClCompile Include="as\q2as_stringex.cpp">
      <Filter>as</Filter>
    </ClCompile>
    <ClCompile Include="as\q2as_stringhashset.cpp">
      <Filter>as</Filter>
    </ClCompile>
    <ClCompile Include="as\q2as_thirdparty.cpp">
      <Filter>as</Filter>
    </ClCompile>
    <ClCompile Include="as\q2as_time.cpp">
      <Filter>as</Filter>
    </ClCompile>
    <ClCompile Include="as\q2as_tokenizer.cpp">
      <Filter>as</Filter>
    </ClCompile>
    <ClCompile Include="as\q2as_trace.cpp">
      <Filter>as</Filter>
    </ClCompile>
    <ClCompile Include="as\q2as_util.cpp">
      <Filter>as</Filter>
    </ClCompile>
    <ClCompile Include="as\q2as_vec3.cpp">
      <Filter>as</Filter>
    </ClCompile>
    <ClCompile Include="as\yyjson.c">
      <Filter>as</Filter>
    </ClCompile>
    <ClCompile Include="as\debugger\as_debugger.cpp">
      <Filter>as\debugger</Filter>
    </ClCompile>
    <ClCompile Include="as\debugger\as_debugger_imgui.cpp">
      <Filter>as\debugger</Filter>
    </ClCompile>
    <ClCompile Include="as\debugger\imgui.cpp">
      <Filter>as\debugger</Filter>
    </ClCompile>
    <ClCompile Include="as\debugger\imgui_demo.cpp">
      <Filter>as\debugger</Filter>
    </ClCompile>
    <ClCompile Include="as\debugger\imgui_draw.cpp">
      <Filter>as\debugger</Filter>
    </ClCompile>
    <ClCompile Include="as\debugger\imgui_impl_dx9.cpp">
      <Filter>as\debugger</Filter>
    </ClCompile>
    <ClCompile Include="as\debugger\imgui_impl_win32.cpp">
      <Filter>as\debugger</Filter>
    </ClCompile>
    <ClCompile Include="as\debugger\imgui_tables.cpp">
      <Filter>as\debugger</Filter>
    </ClCompile>
    <ClCompile Include="as\debugger\imgui_widgets.cpp">
      <Filter>as\debugger</Filter>
    </ClCompile>
    <ClCompile Include="as\debugger\TextEditor.cpp">
      <Filter>as\debugger</Filter>
    </ClCompile>
    <ClCompile Include="as\thirdparty\fmt\src\os.cc">
      <Filter>as\thirdparty\fmt\src</Filter>
    </ClCompile>
    <ClCompile Include="as\thirdparty\scriptany\scriptany.cpp">
      <Filter>as\thirdparty\scriptany</Filter>
    </ClCompile>
    <ClCompile Include="as\thirdparty\scriptarray\scriptarray.cpp">
      <Filter>as\thirdparty\scriptarray</Filter>
    </ClCompile>
    <ClCompile Include="as\thirdparty\scriptdictionary\scriptdictionary.cpp">
      <Filter>as\thirdparty\scriptdictionary</Filter>
    </ClCompile>
    <ClCompile Include="as\thirdparty\scripthelper\scripthelper.cpp">
      <Filter>as\thirdparty\scripthelper</Filter>
    </ClCompile>
    <ClCompile Include="as\thirdparty\scriptstdstring\scriptstdstring.cpp">
      <Filter>as\thirdparty\scriptstdstring</Filter>
    </ClCompile>
    <ClCompile Include="as\thirdparty\scriptstdstring\scriptstdstring_utils.cpp">
      <Filter>as\thirdparty\scriptstdstring</Filter>
    </ClCompile>
    <ClCompile Include="as\thirdparty\weakref\weakref.cpp">
      <Filter>as\thirdparty\weakref</Filter>
    </ClCompile>
    <ClCompile Include="as\thirdparty\datetime\datetime.cpp">
      <Filter>as\thirdparty\datetime</Filter>
    </ClCompile>
    <ClCompile Include="as\thirdparty\jsoncpp\src\lib_json\json_reader.cpp">
      <Filter>as\thirdparty\jsoncpp\src\lib_json</Filter>
    </ClCompile>
    <ClCompile Include="as\thirdparty\jsoncpp\src\lib_json\json_value.cpp">
      <Filter>as\thirdparty\jsoncpp\src\lib_json</Filter>
    </ClCompile>
    <ClCompile Include="as\thirdparty\jsoncpp\src\lib_json\json_writer.cpp">
      <Filter>as\thirdparty\jsoncpp\src\lib_json</Filter>
    </ClCompile>
    <ClCompile Include="as\thirdparty\angelscript\source\as_atomic.cpp">
      <Filter>as\thirdparty\anglescript\source</Filter>
    </ClCompile>
    <ClCompile Include="as\thirdparty\angelscript\source\as_builder.cpp">
      <Filter>as\thirdparty\anglescript\source</Filter>
    </ClCompile>
    <ClCompile Include="as\thirdparty\angelscript\source\as_bytecode.cpp">
      <Filter>as\thirdparty\anglescript\source</Filter>
    </ClCompile>
    <ClCompile Include="as\thirdparty\angelscript\source\as_callfunc.cpp">
      <Filter>as\thirdparty\anglescript\source</Filter>
    </ClCompile>
    <ClCompile Include="as\thirdparty\angelscript\source\as_callfunc_arm.cpp">
      <Filter>as\thirdparty\anglescript\source</Filter>
    </ClCompile>
    <ClCompile Include="as\thirdparty\angelscript\source\as_callfunc_arm64.cpp">
      <Filter>as\thirdparty\anglescript\source</Filter>
    </ClCompile>
    <ClCompile Include="as\thirdparty\angelscript\source\as_callfunc_mips.cpp">
      <Filter>as\thirdparty\anglescript\source</Filter>
    </ClCompile>
    <ClCompile Include="as\thirdparty\angelscript\source\as_callfunc_ppc.cpp">
      <Filter>as\thirdparty\anglescript\source</Filter>
    </ClCompile>
    <ClCompile Include="as\thirdparty\angelscript\source\as_callfunc_ppc_64.cpp">
      <Filter>as\thirdparty\anglescript\source</Filter>
    </ClCompile>
    <ClCompile Include="as\thirdparty\angelscript\source\as_callfunc_riscv64.cpp">
      <Filter>as\thirdparty\anglescript\source</Filter>
    </ClCompile>
    <ClCompile Include="as\thirdparty\angelscript\source\as_callfunc_sh4.cpp">
      <Filter>as\thirdparty\anglescript\source</Filter>
    </ClCompile>
    <ClCompile Include="as\thirdparty\angelscript\source\as_callfunc_x64_gcc.cpp">
      <Filter>as\thirdparty\anglescript\source</Filter>
    </ClCompile>
    <ClCompile Include="as\thirdparty\angelscript\source\as_callfunc_x64_mingw.cpp">
      <Filter>as\thirdparty\anglescript\source</Filter>
    </ClCompile>
    <ClCompile Include="as\thirdparty\angelscript\source\as_callfunc_x64_msvc.cpp">
      <Filter>as\thirdparty\anglescript\source</Filter>
    </ClCompile>
    <ClCompile Include="as\thirdparty\angelscript\source\as_callfunc_x86.cpp">
      <Filter>as\thirdparty\anglescript\source</Filter>
    </ClCompile>
    <ClCompile Include="as\thirdparty\angelscript\source\as_callfunc_xenon.cpp">
      <Filter>as\thirdparty\anglescript\source</Filter>
    </ClCompile>
    <ClCompile Include="as\thirdparty\angelscript\source\as_compiler.cpp">
      <Filter>as\thirdparty\anglescript\source</Filter>
    </ClCompile>
    <ClCompile Include="as\thirdparty\angelscript\source\as_configgroup.cpp">
      <Filter>as\thirdparty\anglescript\source</Filter>
    </ClCompile>
    <ClCompile Include="as\thirdparty\angelscript\source\as_context.cpp">
      <Filter>as\thirdparty\anglescript\source</Filter>
    </ClCompile>
    <ClCompile Include="as\thirdparty\angelscript\source\as_datatype.cpp">
      <Filter>as\thirdparty\anglescript\source</Filter>
    </ClCompile>
    <ClCompile Include="as\thirdparty\angelscript\source\as_gc.cpp">
      <Filter>as\thirdparty\anglescript\source</Filter>
    </ClCompile>
    <ClCompile Include="as\thirdparty\angelscript\source\as_generic.cpp">
      <Filter>as\thirdparty\anglescript\source</Filter>
    </ClCompile>
    <ClCompile Include="as\thirdparty\angelscript\source\as_globalproperty.cpp">
      <Filter>as\thirdparty\anglescript\source</Filter>
    </ClCompile>
    <ClCompile Include="as\thirdparty\angelscript\source\as_memory.cpp">
      <Filter>as\thirdparty\anglescript\source</Filter>
    </ClCompile>
    <ClCompile Include="as\thirdparty\angelscript\source\as_module.cpp">
      <Filter>as\thirdparty\anglescript\source</Filter>
    </ClCompile>
    <ClCompile Include="as\thirdparty\angelscript\source\as_objecttype.cpp">
      <Filter>as\thirdparty\anglescript\source</Filter>
    </ClCompile>
    <ClCompile Include="as\thirdparty\angelscript\source\as_outputbuffer.cpp">
      <Filter>as\thirdparty\anglescript\source</Filter>
    </ClCompile>
    <ClCompile Include="as\thirdparty\angelscript\source\as_parser.cpp">
      <Filter>as\thirdparty\anglescript\source</Filter>
    </ClCompile>
    <ClCompile Include="as\thirdparty\angelscript\source\as_restore.cpp">
      <Filter>as\thirdparty\anglescript\source</Filter>
    </ClCompile>
    <ClCompile Include="as\thirdparty\angelscript\source\as_scriptcode.cpp">
      <Filter>as\thirdparty\anglescript\source</Filter>
    </ClCompile>
    <ClCompile Include="as\thirdparty\angelscript\source\as_scriptengine.cpp">
      <Filter>as\thirdparty\anglescript\source</Filter>
    </ClCompile>
    <ClCompile Include="as\thirdparty\angelscript\source\as_scriptfunction.cpp">
      <Filter>as\thirdparty\anglescript\source</Filter>
    </ClCompile>
    <ClCompile Include="as\thirdparty\angelscript\source\as_scriptnode.cpp">
      <Filter>as\thirdparty\anglescript\source</Filter>
    </ClCompile>
    <ClCompile Include="as\thirdparty\angelscript\source\as_scriptobject.cpp">
      <Filter>as\thirdparty\anglescript\source</Filter>
    </ClCompile>
    <ClCompile Include="as\thirdparty\angelscript\source\as_string.cpp">
      <Filter>as\thirdparty\anglescript\source</Filter>
    </ClCompile>
    <ClCompile Include="as\thirdparty\angelscript\source\as_string_util.cpp">
      <Filter>as\thirdparty\anglescript\source</Filter>
    </ClCompile>
    <ClCompile Include="as\thirdparty\angelscript\source\as_thread.cpp">
      <Filter>as\thirdparty\anglescript\source</Filter>
    </ClCompile>
    <ClCompile Include="as\thirdparty\angelscript\source\as_tokenizer.cpp">
      <Filter>as\thirdparty\anglescript\source</Filter>
    </ClCompile>
    <ClCompile Include="as\thirdparty\angelscript\source\as_typeinfo.cpp">
      <Filter>as\thirdparty\anglescript\source</Filter>
    </ClCompile>
    <ClCompile Include="as\thirdparty\angelscript\source\as_variablescope.cpp">
      <Filter>as\thirdparty\anglescript\source</Filter>
    </ClCompile>
  </ItemGroup>
  <ItemGroup>
    <ClInclude Include="bg_local.h" />
    <ClInclude Include="cg_local.h" />
    <ClInclude Include="g_local.h" />
    <ClInclude Include="game.h" />
    <ClInclude Include="as\ctrack.hpp">
      <Filter>as</Filter>
    </ClInclude>
    <ClInclude Include="as\palinteer.h">
      <Filter>as</Filter>
    </ClInclude>
    <ClInclude Include="as\q2as_cgame.h">
      <Filter>as</Filter>
    </ClInclude>
    <ClInclude Include="as\q2as_fixedarray.h">
      <Filter>as</Filter>
    </ClInclude>
    <ClInclude Include="as\q2as_game.h">
      <Filter>as</Filter>
    </ClInclude>
    <ClInclude Include="as\q2as_json.h">
      <Filter>as</Filter>
    </ClInclude>
    <ClInclude Include="as\q2as_local.h">
      <Filter>as</Filter>
    </ClInclude>
    <ClInclude Include="as\q2as_main.h">
      <Filter>as</Filter>
    </ClInclude>
    <ClInclude Include="as\q2as_modules.h">
      <Filter>as</Filter>
    </ClInclude>
    <ClInclude Include="as\q2as_pmove.h">
      <Filter>as</Filter>
    </ClInclude>
    <ClInclude Include="as\q2as_predefined.h">
      <Filter>as</Filter>
    </ClInclude>
    <ClInclude Include="as\q2as_reg.h">
      <Filter>as</Filter>
    </ClInclude>
    <ClInclude Include="as\q2as_stringex.h">
      <Filter>as</Filter>
    </ClInclude>
    <ClInclude Include="as\spall.h">
      <Filter>as</Filter>
    </ClInclude>
    <ClInclude Include="as\yyjson.h">
      <Filter>as</Filter>
    </ClInclude>
    <ClInclude Include="as\debugger\as_debugger.h">
      <Filter>as\debugger</Filter>
    </ClInclude>
    <ClInclude Include="as\debugger\as_debugger_imgui.h">
      <Filter>as\debugger</Filter>
    </ClInclude>
    <ClInclude Include="as\debugger\imconfig.h">
      <Filter>as\debugger</Filter>
    </ClInclude>
    <ClInclude Include="as\debugger\imgui.h">
      <Filter>as\debugger</Filter>
    </ClInclude>
    <ClInclude Include="as\debugger\imgui_impl_dx9.h">
      <Filter>as\debugger</Filter>
    </ClInclude>
    <ClInclude Include="as\debugger\imgui_impl_win32.h">
      <Filter>as\debugger</Filter>
    </ClInclude>
    <ClInclude Include="as\debugger\imgui_internal.h">
      <Filter>as\debugger</Filter>
    </ClInclude>
    <ClInclude Include="as\debugger\imstb_rectpack.h">
      <Filter>as\debugger</Filter>
    </ClInclude>
    <ClInclude Include="as\debugger\imstb_textedit.h">
      <Filter>as\debugger</Filter>
    </ClInclude>
    <ClInclude Include="as\debugger\imstb_truetype.h">
      <Filter>as\debugger</Filter>
    </ClInclude>
    <ClInclude Include="as\debugger\TextEditor.h">
      <Filter>as\debugger</Filter>
    </ClInclude>
    <ClInclude Include="as\thirdparty\angelscript\include\angelscript.h">
      <Filter>as\thirdparty\anglescript\include</Filter>
    </ClInclude>
    <ClInclude Include="as\thirdparty\fmt\include\fmt\args.h">
      <Filter>as\thirdparty\fmt\include\fmt</Filter>
    </ClInclude>
    <ClInclude Include="as\thirdparty\fmt\include\fmt\base.h">
      <Filter>as\thirdparty\fmt\include\fmt</Filter>
    </ClInclude>
    <ClInclude Include="as\thirdparty\fmt\include\fmt\chrono.h">
      <Filter>as\thirdparty\fmt\include\fmt</Filter>
    </ClInclude>
    <ClInclude Include="as\thirdparty\fmt\include\fmt\color.h">
      <Filter>as\thirdparty\fmt\include\fmt</Filter>
    </ClInclude>
    <ClInclude Include="as\thirdparty\fmt\include\fmt\compile.h">
      <Filter>as\thirdparty\fmt\include\fmt</Filter>
    </ClInclude>
    <ClInclude Include="as\thirdparty\fmt\include\fmt\core.h">
      <Filter>as\thirdparty\fmt\include\fmt</Filter>
    </ClInclude>
    <ClInclude Include="as\thirdparty\fmt\include\fmt\format.h">
      <Filter>as\thirdparty\fmt\include\fmt</Filter>
    </ClInclude>
    <ClInclude Include="as\thirdparty\fmt\include\fmt\format-inl.h">
      <Filter>as\thirdparty\fmt\include\fmt</Filter>
    </ClInclude>
    <ClInclude Include="as\thirdparty\fmt\include\fmt\os.h">
      <Filter>as\thirdparty\fmt\include\fmt</Filter>
    </ClInclude>
    <ClInclude Include="as\thirdparty\fmt\include\fmt\ostream.h">
      <Filter>as\thirdparty\fmt\include\fmt</Filter>
    </ClInclude>
    <ClInclude Include="as\thirdparty\fmt\include\fmt\printf.h">
      <Filter>as\thirdparty\fmt\include\fmt</Filter>
    </ClInclude>
    <ClInclude Include="as\thirdparty\fmt\include\fmt\ranges.h">
      <Filter>as\thirdparty\fmt\include\fmt</Filter>
    </ClInclude>
    <ClInclude Include="as\thirdparty\fmt\include\fmt\std.h">
      <Filter>as\thirdparty\fmt\include\fmt</Filter>
    </ClInclude>
    <ClInclude Include="as\thirdparty\fmt\include\fmt\xchar.h">
      <Filter>as\thirdparty\fmt\include\fmt</Filter>
    </ClInclude>
    <ClInclude Include="as\thirdparty\scriptany\scriptany.h">
      <Filter>as\thirdparty\scriptany</Filter>
    </ClInclude>
    <ClInclude Include="as\thirdparty\scriptarray\scriptarray.h">
      <Filter>as\thirdparty\scriptarray</Filter>
    </ClInclude>
    <ClInclude Include="as\thirdparty\scriptdictionary\scriptdictionary.h">
      <Filter>as\thirdparty\scriptdictionary</Filter>
    </ClInclude>
    <ClInclude Include="as\thirdparty\scripthelper\scripthelper.h">
      <Filter>as\thirdparty\scripthelper</Filter>
    </ClInclude>
    <ClInclude Include="as\thirdparty\scriptstdstring\scriptstdstring.h">
      <Filter>as\thirdparty\scriptstdstring</Filter>
    </ClInclude>
    <ClInclude Include="as\thirdparty\weakref\weakref.h">
      <Filter>as\thirdparty\weakref</Filter>
    </ClInclude>
    <ClInclude Include="as\thirdparty\datetime\datetime.h">
      <Filter>as\thirdparty\datetime</Filter>
    </ClInclude>
    <ClInclude Include="as\thirdparty\jsoncpp\include\json\allocator.h">
      <Filter>as\thirdparty\jsoncpp\include\json</Filter>
    </ClInclude>
    <ClInclude Include="as\thirdparty\jsoncpp\include\json\assertions.h">
      <Filter>as\thirdparty\jsoncpp\include\json</Filter>
    </ClInclude>
    <ClInclude Include="as\thirdparty\jsoncpp\include\json\config.h">
      <Filter>as\thirdparty\jsoncpp\include\json</Filter>
    </ClInclude>
    <ClInclude Include="as\thirdparty\jsoncpp\include\json\forwards.h">
      <Filter>as\thirdparty\jsoncpp\include\json</Filter>
    </ClInclude>
    <ClInclude Include="as\thirdparty\jsoncpp\include\json\json.h">
      <Filter>as\thirdparty\jsoncpp\include\json</Filter>
    </ClInclude>
    <ClInclude Include="as\thirdparty\jsoncpp\include\json\json_features.h">
      <Filter>as\thirdparty\jsoncpp\include\json</Filter>
    </ClInclude>
    <ClInclude Include="as\thirdparty\jsoncpp\include\json\reader.h">
      <Filter>as\thirdparty\jsoncpp\include\json</Filter>
    </ClInclude>
    <ClInclude Include="as\thirdparty\jsoncpp\include\json\value.h">
      <Filter>as\thirdparty\jsoncpp\include\json</Filter>
    </ClInclude>
    <ClInclude Include="as\thirdparty\jsoncpp\include\json\version.h">
      <Filter>as\thirdparty\jsoncpp\include\json</Filter>
    </ClInclude>
    <ClInclude Include="as\thirdparty\jsoncpp\include\json\writer.h">
      <Filter>as\thirdparty\jsoncpp\include\json</Filter>
    </ClInclude>
    <ClInclude Include="as\thirdparty\jsoncpp\src\lib_json\json_tool.h">
      <Filter>as\thirdparty\jsoncpp\src\lib_json</Filter>
    </ClInclude>
    <ClInclude Include="as\thirdparty\angelscript\source\as_array.h">
      <Filter>as\thirdparty\anglescript\source</Filter>
    </ClInclude>
    <ClInclude Include="as\thirdparty\angelscript\source\as_atomic.h">
      <Filter>as\thirdparty\anglescript\source</Filter>
    </ClInclude>
    <ClInclude Include="as\thirdparty\angelscript\source\as_builder.h">
      <Filter>as\thirdparty\anglescript\source</Filter>
    </ClInclude>
    <ClInclude Include="as\thirdparty\angelscript\source\as_bytecode.h">
      <Filter>as\thirdparty\anglescript\source</Filter>
    </ClInclude>
    <ClInclude Include="as\thirdparty\angelscript\source\as_callfunc.h">
      <Filter>as\thirdparty\anglescript\source</Filter>
    </ClInclude>
    <ClInclude Include="as\thirdparty\angelscript\source\as_compiler.h">
      <Filter>as\thirdparty\anglescript\source</Filter>
    </ClInclude>
    <ClInclude Include="as\thirdparty\angelscript\source\as_config.h">
      <Filter>as\thirdparty\anglescript\source</Filter>
    </ClInclude>
    <ClInclude Include="as\thirdparty\angelscript\source\as_configgroup.h">
      <Filter>as\thirdparty\anglescript\source</Filter>
    </ClInclude>
    <ClInclude Include="as\thirdparty\angelscript\source\as_context.h">
      <Filter>as\thirdparty\anglescript\source</Filter>
    </ClInclude>
    <ClInclude Include="as\thirdparty\angelscript\source\as_criticalsection.h">
      <Filter>as\thirdparty\anglescript\source</Filter>
    </ClInclude>
    <ClInclude Include="as\thirdparty\angelscript\source\as_datatype.h">
      <Filter>as\thirdparty\anglescript\source</Filter>
    </ClInclude>
    <ClInclude Include="as\thirdparty\angelscript\source\as_debug.h">
      <Filter>as\thirdparty\anglescript\source</Filter>
    </ClInclude>
    <ClInclude Include="as\thirdparty\angelscript\source\as_gc.h">
      <Filter>as\thirdparty\anglescript\source</Filter>
    </ClInclude>
    <ClInclude Include="as\thirdparty\angelscript\source\as_generic.h">
      <Filter>as\thirdparty\anglescript\source</Filter>
    </ClInclude>
    <ClInclude Include="as\thirdparty\angelscript\source\as_map.h">
      <Filter>as\thirdparty\anglescript\source</Filter>
    </ClInclude>
    <ClInclude Include="as\thirdparty\angelscript\source\as_memory.h">
      <Filter>as\thirdparty\anglescript\source</Filter>
    </ClInclude>
    <ClInclude Include="as\thirdparty\angelscript\source\as_module.h">
      <Filter>as\thirdparty\anglescript\source</Filter>
    </ClInclude>
    <ClInclude Include="as\thirdparty\angelscript\source\as_namespace.h">
      <Filter>as\thirdparty\anglescript\source</Filter>
    </ClInclude>
    <ClInclude Include="as\thirdparty\angelscript\source\as_objecttype.h">
      <Filter>as\thirdparty\anglescript\source</Filter>
    </ClInclude>
    <ClInclude Include="as\thirdparty\angelscript\source\as_outputbuffer.h">
      <Filter>as\thirdparty\anglescript\source</Filter>
    </ClInclude>
    <ClInclude Include="as\thirdparty\angelscript\source\as_parser.h">
      <Filter>as\thirdparty\anglescript\source</Filter>
    </ClInclude>
    <ClInclude Include="as\thirdparty\angelscript\source\as_property.h">
      <Filter>as\thirdparty\anglescript\source</Filter>
    </ClInclude>
    <ClInclude Include="as\thirdparty\angelscript\source\as_restore.h">
      <Filter>as\thirdparty\anglescript\source</Filter>
    </ClInclude>
    <ClInclude Include="as\thirdparty\angelscript\source\as_scriptcode.h">
      <Filter>as\thirdparty\anglescript\source</Filter>
    </ClInclude>
    <ClInclude Include="as\thirdparty\angelscript\source\as_scriptengine.h">
      <Filter>as\thirdparty\anglescript\source</Filter>
    </ClInclude>
    <ClInclude Include="as\thirdparty\angelscript\source\as_scriptfunction.h">
      <Filter>as\thirdparty\anglescript\source</Filter>
    </ClInclude>
    <ClInclude Include="as\thirdparty\angelscript\source\as_scriptnode.h">
      <Filter>as\thirdparty\anglescript\source</Filter>
    </ClInclude>
    <ClInclude Include="as\thirdparty\angelscript\source\as_scriptobject.h">
      <Filter>as\thirdparty\anglescript\source</Filter>
    </ClInclude>
    <ClInclude Include="as\thirdparty\angelscript\source\as_string.h">
      <Filter>as\thirdparty\anglescript\source</Filter>
    </ClInclude>
    <ClInclude Include="as\thirdparty\angelscript\source\as_string_util.h">
      <Filter>as\thirdparty\anglescript\source</Filter>
    </ClInclude>
    <ClInclude Include="as\thirdparty\angelscript\source\as_symboltable.h">
      <Filter>as\thirdparty\anglescript\source</Filter>
    </ClInclude>
    <ClInclude Include="as\thirdparty\angelscript\source\as_texts.h">
      <Filter>as\thirdparty\anglescript\source</Filter>
    </ClInclude>
    <ClInclude Include="as\thirdparty\angelscript\source\as_thread.h">
      <Filter>as\thirdparty\anglescript\source</Filter>
    </ClInclude>
    <ClInclude Include="as\thirdparty\angelscript\source\as_tokendef.h">
      <Filter>as\thirdparty\anglescript\source</Filter>
    </ClInclude>
    <ClInclude Include="as\thirdparty\angelscript\source\as_tokenizer.h">
      <Filter>as\thirdparty\anglescript\source</Filter>
    </ClInclude>
    <ClInclude Include="as\thirdparty\angelscript\source\as_typeinfo.h">
      <Filter>as\thirdparty\anglescript\source</Filter>
    </ClInclude>
    <ClInclude Include="as\thirdparty\angelscript\source\as_variablescope.h">
      <Filter>as\thirdparty\anglescript\source</Filter>
    </ClInclude>
  </ItemGroup>
  <ItemGroup>
    <Filter Include="as">
      <UniqueIdentifier>{5d37c2d0-f433-4a8c-b621-360e4ca9d4ce}</UniqueIdentifier>
    </Filter>
    <Filter Include="as\debugger">
      <UniqueIdentifier>{a9a1614f-bbf8-4da9-83db-95e9478918d7}</UniqueIdentifier>
    </Filter>
    <Filter Include="as\thirdparty">
      <UniqueIdentifier>{5f4966f6-f6a8-4964-bba1-3869b1299e21}</UniqueIdentifier>
    </Filter>
    <Filter Include="as\thirdparty\anglescript">
      <UniqueIdentifier>{862fa211-f23f-48a9-a600-f31cb949c6fd}</UniqueIdentifier>
    </Filter>
    <Filter Include="as\thirdparty\anglescript\source">
      <UniqueIdentifier>{1240e0ce-1107-4d22-be28-7bcd2ba74f1a}</UniqueIdentifier>
    </Filter>
    <Filter Include="as\thirdparty\anglescript\include">
      <UniqueIdentifier>{d30caa26-f94b-46aa-9680-4dc2a3eed6ef}</UniqueIdentifier>
    </Filter>
    <Filter Include="as\thirdparty\fmt">
      <UniqueIdentifier>{f5fb2447-97a3-4334-9376-723e632b4f2e}</UniqueIdentifier>
    </Filter>
    <Filter Include="as\thirdparty\fmt\include">
      <UniqueIdentifier>{483d9a9b-9d1e-4ddd-af3b-525845cc1804}</UniqueIdentifier>
    </Filter>
    <Filter Include="as\thirdparty\fmt\src">
      <UniqueIdentifier>{83f857db-7850-41fb-a7da-364c795176e0}</UniqueIdentifier>
    </Filter>
    <Filter Include="as\thirdparty\fmt\include\fmt">
      <UniqueIdentifier>{fc5b55c3-bfa1-4cce-b3d8-08f8930e235a}</UniqueIdentifier>
    </Filter>
    <Filter Include="as\thirdparty\scriptany">
      <UniqueIdentifier>{15896aa7-ae60-4af3-9af8-16eafc62f925}</UniqueIdentifier>
    </Filter>
    <Filter Include="as\thirdparty\scriptarray">
      <UniqueIdentifier>{5aa7f59d-d402-44f2-b25d-7749b05d0399}</UniqueIdentifier>
    </Filter>
    <Filter Include="as\thirdparty\scriptdictionary">
      <UniqueIdentifier>{4c1f26ab-294a-44df-9b56-50fa41472d67}</UniqueIdentifier>
    </Filter>
    <Filter Include="as\thirdparty\scripthelper">
      <UniqueIdentifier>{ee9d18a2-03b7-41dd-bbc8-fa13d77448a1}</UniqueIdentifier>
    </Filter>
    <Filter Include="as\thirdparty\scriptstdstring">
      <UniqueIdentifier>{f7fdd40c-92cb-42e1-b0bc-ff345252b79a}</UniqueIdentifier>
    </Filter>
    <Filter Include="as\thirdparty\weakref">
      <UniqueIdentifier>{2fd9879f-ff7d-4090-98dc-ca9450c40a7e}</UniqueIdentifier>
    </Filter>
    <Filter Include="as\thirdparty\datetime">
      <UniqueIdentifier>{c054f512-7535-4c44-8789-f6bd0022de5d}</UniqueIdentifier>
    </Filter>
    <Filter Include="as\thirdparty\jsoncpp">
      <UniqueIdentifier>{13161863-b922-452a-8c84-286bdd8c2a28}</UniqueIdentifier>
    </Filter>
    <Filter Include="as\thirdparty\jsoncpp\include">
      <UniqueIdentifier>{d8ee03e0-b40a-45ec-8800-48ae4df17c74}</UniqueIdentifier>
    </Filter>
    <Filter Include="as\thirdparty\jsoncpp\src">
      <UniqueIdentifier>{1ed67d0f-02df-430d-9a1e-d0afaebe2c0c}</UniqueIdentifier>
    </Filter>
    <Filter Include="as\thirdparty\jsoncpp\include\json">
      <UniqueIdentifier>{7bf8e5d5-f110-4611-8b7f-fbe953fef8b5}</UniqueIdentifier>
    </Filter>
    <Filter Include="as\thirdparty\jsoncpp\src\lib_json">
      <UniqueIdentifier>{2cc4ff8f-2082-46a2-8423-fb2192459879}</UniqueIdentifier>
    </Filter>
  </ItemGroup>
  <ItemGroup>
    <None Include="as\thirdparty\jsoncpp\src\lib_json\json_valueiterator.inl">
      <Filter>as\thirdparty\jsoncpp\src\lib_json</Filter>
    </None>
  </ItemGroup>
  <ItemGroup>
    <MASM Include="as\thirdparty\angelscript\source\as_callfunc_x64_msvc_asm.asm">
      <Filter>as\thirdparty\anglescript\source</Filter>
    </MASM>
  </ItemGroup>
</Project>