<?xml version="1.0" encoding="utf-8"?>
<Project ToolsVersion="4.0" xmlns="http://schemas.microsoft.com/developer/msbuild/2003">
  <ItemGroup>
    <ClCompile Include="cg_main.cpp" />
    <ClCompile Include="g_main.cpp" />
    <ClCompile Include="q_std.cpp" />
    <ClCompile Include="debugger\as_debugger.cpp">
      <Filter>debugger</Filter>
    </ClCompile>
    <ClCompile Include="debugger\as_debugger_imgui.cpp">
      <Filter>debugger</Filter>
    </ClCompile>
    <ClCompile Include="debugger\imgui.cpp">
      <Filter>debugger</Filter>
    </ClCompile>
    <ClCompile Include="debugger\imgui_demo.cpp">
      <Filter>debugger</Filter>
    </ClCompile>
    <ClCompile Include="debugger\imgui_draw.cpp">
      <Filter>debugger</Filter>
    </ClCompile>
    <ClCompile Include="debugger\imgui_impl_dx9.cpp">
      <Filter>debugger</Filter>
    </ClCompile>
    <ClCompile Include="debugger\imgui_impl_win32.cpp">
      <Filter>debugger</Filter>
    </ClCompile>
    <ClCompile Include="debugger\imgui_tables.cpp">
      <Filter>debugger</Filter>
    </ClCompile>
    <ClCompile Include="debugger\imgui_widgets.cpp">
      <Filter>debugger</Filter>
    </ClCompile>
    <ClCompile Include="debugger\TextEditor.cpp">
      <Filter>debugger</Filter>
    </ClCompile>
    <ClCompile Include="thirdparty\angelscript\source\as_builder.cpp">
      <Filter>thirdparty\angelscript\source</Filter>
    </ClCompile>
    <ClCompile Include="thirdparty\angelscript\source\as_bytecode.cpp">
      <Filter>thirdparty\angelscript\source</Filter>
    </ClCompile>
    <ClCompile Include="thirdparty\angelscript\source\as_callfunc.cpp">
      <Filter>thirdparty\angelscript\source</Filter>
    </ClCompile>
    <ClCompile Include="thirdparty\angelscript\source\as_callfunc_arm.cpp">
      <Filter>thirdparty\angelscript\source</Filter>
    </ClCompile>
    <ClCompile Include="thirdparty\angelscript\source\as_callfunc_arm64.cpp">
      <Filter>thirdparty\angelscript\source</Filter>
    </ClCompile>
    <ClCompile Include="thirdparty\angelscript\source\as_callfunc_mips.cpp">
      <Filter>thirdparty\angelscript\source</Filter>
    </ClCompile>
    <ClCompile Include="thirdparty\angelscript\source\as_callfunc_ppc.cpp">
      <Filter>thirdparty\angelscript\source</Filter>
    </ClCompile>
    <ClCompile Include="thirdparty\angelscript\source\as_callfunc_ppc_64.cpp">
      <Filter>thirdparty\angelscript\source</Filter>
    </ClCompile>
    <ClCompile Include="thirdparty\angelscript\source\as_callfunc_riscv64.cpp">
      <Filter>thirdparty\angelscript\source</Filter>
    </ClCompile>
    <ClCompile Include="thirdparty\angelscript\source\as_callfunc_sh4.cpp">
      <Filter>thirdparty\angelscript\source</Filter>
    </ClCompile>
    <ClCompile Include="thirdparty\angelscript\source\as_callfunc_x64_gcc.cpp">
      <Filter>thirdparty\angelscript\source</Filter>
    </ClCompile>
    <ClCompile Include="thirdparty\angelscript\source\as_callfunc_x64_mingw.cpp">
      <Filter>thirdparty\angelscript\source</Filter>
    </ClCompile>
    <ClCompile Include="thirdparty\angelscript\source\as_callfunc_x64_msvc.cpp">
      <Filter>thirdparty\angelscript\source</Filter>
    </ClCompile>
    <ClCompile Include="thirdparty\angelscript\source\as_callfunc_x86.cpp">
      <Filter>thirdparty\angelscript\source</Filter>
    </ClCompile>
    <ClCompile Include="thirdparty\angelscript\source\as_callfunc_xenon.cpp">
      <Filter>thirdparty\angelscript\source</Filter>
    </ClCompile>
    <ClCompile Include="thirdparty\angelscript\source\as_compiler.cpp">
      <Filter>thirdparty\angelscript\source</Filter>
    </ClCompile>
    <ClCompile Include="thirdparty\angelscript\source\as_configgroup.cpp">
      <Filter>thirdparty\angelscript\source</Filter>
    </ClCompile>
    <ClCompile Include="thirdparty\angelscript\source\as_context.cpp">
      <Filter>thirdparty\angelscript\source</Filter>
    </ClCompile>
    <ClCompile Include="thirdparty\angelscript\source\as_datatype.cpp">
      <Filter>thirdparty\angelscript\source</Filter>
    </ClCompile>
    <ClCompile Include="thirdparty\angelscript\source\as_gc.cpp">
      <Filter>thirdparty\angelscript\source</Filter>
    </ClCompile>
    <ClCompile Include="thirdparty\angelscript\source\as_generic.cpp">
      <Filter>thirdparty\angelscript\source</Filter>
    </ClCompile>
    <ClCompile Include="thirdparty\angelscript\source\as_globalproperty.cpp">
      <Filter>thirdparty\angelscript\source</Filter>
    </ClCompile>
    <ClCompile Include="thirdparty\angelscript\source\as_memory.cpp">
      <Filter>thirdparty\angelscript\source</Filter>
    </ClCompile>
    <ClCompile Include="thirdparty\angelscript\source\as_module.cpp">
      <Filter>thirdparty\angelscript\source</Filter>
    </ClCompile>
    <ClCompile Include="thirdparty\angelscript\source\as_objecttype.cpp">
      <Filter>thirdparty\angelscript\source</Filter>
    </ClCompile>
    <ClCompile Include="thirdparty\angelscript\source\as_outputbuffer.cpp">
      <Filter>thirdparty\angelscript\source</Filter>
    </ClCompile>
    <ClCompile Include="thirdparty\angelscript\source\as_parser.cpp">
      <Filter>thirdparty\angelscript\source</Filter>
    </ClCompile>
    <ClCompile Include="thirdparty\angelscript\source\as_restore.cpp">
      <Filter>thirdparty\angelscript\source</Filter>
    </ClCompile>
    <ClCompile Include="thirdparty\angelscript\source\as_scriptcode.cpp">
      <Filter>thirdparty\angelscript\source</Filter>
    </ClCompile>
    <ClCompile Include="thirdparty\angelscript\source\as_scriptengine.cpp">
      <Filter>thirdparty\angelscript\source</Filter>
    </ClCompile>
    <ClCompile Include="thirdparty\angelscript\source\as_scriptfunction.cpp">
      <Filter>thirdparty\angelscript\source</Filter>
    </ClCompile>
    <ClCompile Include="thirdparty\angelscript\source\as_scriptnode.cpp">
      <Filter>thirdparty\angelscript\source</Filter>
    </ClCompile>
    <ClCompile Include="thirdparty\angelscript\source\as_scriptobject.cpp">
      <Filter>thirdparty\angelscript\source</Filter>
    </ClCompile>
    <ClCompile Include="thirdparty\angelscript\source\as_string.cpp">
      <Filter>thirdparty\angelscript\source</Filter>
    </ClCompile>
    <ClCompile Include="thirdparty\angelscript\source\as_string_util.cpp">
      <Filter>thirdparty\angelscript\source</Filter>
    </ClCompile>
    <ClCompile Include="thirdparty\angelscript\source\as_thread.cpp">
      <Filter>thirdparty\angelscript\source</Filter>
    </ClCompile>
    <ClCompile Include="thirdparty\angelscript\source\as_tokenizer.cpp">
      <Filter>thirdparty\angelscript\source</Filter>
    </ClCompile>
    <ClCompile Include="thirdparty\angelscript\source\as_typeinfo.cpp">
      <Filter>thirdparty\angelscript\source</Filter>
    </ClCompile>
    <ClCompile Include="thirdparty\angelscript\source\as_variablescope.cpp">
      <Filter>thirdparty\angelscript\source</Filter>
    </ClCompile>
    <ClCompile Include="thirdparty\angelscript\source\as_atomic.cpp">
      <Filter>thirdparty\angelscript\source</Filter>
    </ClCompile>
    <ClCompile Include="thirdparty\datetime\datetime.cpp">
      <Filter>thirdparty\datetime</Filter>
    </ClCompile>
    <ClCompile Include="thirdparty\fmt\src\format.cc">
      <Filter>thirdparty\fmt\src</Filter>
    </ClCompile>
    <ClCompile Include="thirdparty\fmt\src\os.cc">
      <Filter>thirdparty\fmt\src</Filter>
    </ClCompile>
    <ClCompile Include="thirdparty\scriptany\scriptany.cpp">
      <Filter>thirdparty\scriptany</Filter>
    </ClCompile>
    <ClCompile Include="thirdparty\scriptarray\scriptarray.cpp">
      <Filter>thirdparty\scriptarray</Filter>
    </ClCompile>
    <ClCompile Include="thirdparty\scriptdictionary\scriptdictionary.cpp">
      <Filter>thirdparty\scriptdictionary</Filter>
    </ClCompile>
    <ClCompile Include="thirdparty\scripthelper\scripthelper.cpp">
      <Filter>thirdparty\scripthelper</Filter>
    </ClCompile>
    <ClCompile Include="thirdparty\scriptstdstring\scriptstdstring_utils.cpp">
      <Filter>thirdparty\scriptstdstring</Filter>
    </ClCompile>
    <ClCompile Include="thirdparty\scriptstdstring\scriptstdstring.cpp">
      <Filter>thirdparty\scriptstdstring</Filter>
    </ClCompile>
    <ClCompile Include="thirdparty\weakref\weakref.cpp">
      <Filter>thirdparty\weakref</Filter>
    </ClCompile>
    <ClCompile Include="q2as_reflect.cpp" />
    <ClCompile Include="q2as_state.cpp" />
    <ClCompile Include="q2as_stringex.cpp" />
    <ClCompile Include="q2as_stringhashset.cpp" />
    <ClCompile Include="q2as_thirdparty.cpp" />
    <ClCompile Include="q2as_time.cpp" />
    <ClCompile Include="q2as_tokenizer.cpp" />
    <ClCompile Include="q2as_trace.cpp" />
    <ClCompile Include="q2as_util.cpp" />
    <ClCompile Include="q2as_vec3.cpp" />
    <ClCompile Include="yyjson.c" />
    <ClCompile Include="q2as_cgame.cpp" />
    <ClCompile Include="q2as_cvar.cpp" />
    <ClCompile Include="q2as_debugging.cpp" />
    <ClCompile Include="q2as_game.cpp" />
    <ClCompile Include="q2as_imports.cpp" />
    <ClCompile Include="q2as_json.cpp" />
    <ClCompile Include="q2as_limits.cpp" />
    <ClCompile Include="q2as_main.cpp" />
    <ClCompile Include="q2as_math.cpp" />
    <ClCompile Include="q2as_playerstate.cpp" />
    <ClCompile Include="q2as_pmove.cpp" />
    <ClCompile Include="q2as_predefined.cpp" />
    <ClCompile Include="q2as_random.cpp" />
  </ItemGroup>
  <ItemGroup>
    <ClInclude Include="bg_local.h" />
    <ClInclude Include="cg_local.h" />
    <ClInclude Include="g_local.h" />
    <ClInclude Include="game.h" />
    <ClInclude Include="q_std.h" />
    <ClInclude Include="q_vec3.h" />
    <ClInclude Include="debugger\as_debugger.h">
      <Filter>debugger</Filter>
    </ClInclude>
    <ClInclude Include="debugger\as_debugger_imgui.h">
      <Filter>debugger</Filter>
    </ClInclude>
    <ClInclude Include="debugger\imconfig.h">
      <Filter>debugger</Filter>
    </ClInclude>
    <ClInclude Include="debugger\imgui.h">
      <Filter>debugger</Filter>
    </ClInclude>
    <ClInclude Include="debugger\imgui_impl_dx9.h">
      <Filter>debugger</Filter>
    </ClInclude>
    <ClInclude Include="debugger\imgui_impl_win32.h">
      <Filter>debugger</Filter>
    </ClInclude>
    <ClInclude Include="debugger\imgui_internal.h">
      <Filter>debugger</Filter>
    </ClInclude>
    <ClInclude Include="debugger\imstb_rectpack.h">
      <Filter>debugger</Filter>
    </ClInclude>
    <ClInclude Include="debugger\imstb_textedit.h">
      <Filter>debugger</Filter>
    </ClInclude>
    <ClInclude Include="debugger\imstb_truetype.h">
      <Filter>debugger</Filter>
    </ClInclude>
    <ClInclude Include="debugger\TextEditor.h">
      <Filter>debugger</Filter>
    </ClInclude>
    <ClInclude Include="thirdparty\angelscript\include\angelscript.h">
      <Filter>thirdparty\angelscript\include</Filter>
    </ClInclude>
    <ClInclude Include="thirdparty\angelscript\source\as_builder.h">
      <Filter>thirdparty\angelscript\source</Filter>
    </ClInclude>
    <ClInclude Include="thirdparty\angelscript\source\as_bytecode.h">
      <Filter>thirdparty\angelscript\source</Filter>
    </ClInclude>
    <ClInclude Include="thirdparty\angelscript\source\as_callfunc.h">
      <Filter>thirdparty\angelscript\source</Filter>
    </ClInclude>
    <ClInclude Include="thirdparty\angelscript\source\as_compiler.h">
      <Filter>thirdparty\angelscript\source</Filter>
    </ClInclude>
    <ClInclude Include="thirdparty\angelscript\source\as_config.h">
      <Filter>thirdparty\angelscript\source</Filter>
    </ClInclude>
    <ClInclude Include="thirdparty\angelscript\source\as_configgroup.h">
      <Filter>thirdparty\angelscript\source</Filter>
    </ClInclude>
    <ClInclude Include="thirdparty\angelscript\source\as_context.h">
      <Filter>thirdparty\angelscript\source</Filter>
    </ClInclude>
    <ClInclude Include="thirdparty\angelscript\source\as_criticalsection.h">
      <Filter>thirdparty\angelscript\source</Filter>
    </ClInclude>
    <ClInclude Include="thirdparty\angelscript\source\as_datatype.h">
      <Filter>thirdparty\angelscript\source</Filter>
    </ClInclude>
    <ClInclude Include="thirdparty\angelscript\source\as_debug.h">
      <Filter>thirdparty\angelscript\source</Filter>
    </ClInclude>
    <ClInclude Include="thirdparty\angelscript\source\as_gc.h">
      <Filter>thirdparty\angelscript\source</Filter>
    </ClInclude>
    <ClInclude Include="thirdparty\angelscript\source\as_generic.h">
      <Filter>thirdparty\angelscript\source</Filter>
    </ClInclude>
    <ClInclude Include="thirdparty\angelscript\source\as_map.h">
      <Filter>thirdparty\angelscript\source</Filter>
    </ClInclude>
    <ClInclude Include="thirdparty\angelscript\source\as_memory.h">
      <Filter>thirdparty\angelscript\source</Filter>
    </ClInclude>
    <ClInclude Include="thirdparty\angelscript\source\as_module.h">
      <Filter>thirdparty\angelscript\source</Filter>
    </ClInclude>
    <ClInclude Include="thirdparty\angelscript\source\as_namespace.h">
      <Filter>thirdparty\angelscript\source</Filter>
    </ClInclude>
    <ClInclude Include="thirdparty\angelscript\source\as_objecttype.h">
      <Filter>thirdparty\angelscript\source</Filter>
    </ClInclude>
    <ClInclude Include="thirdparty\angelscript\source\as_outputbuffer.h">
      <Filter>thirdparty\angelscript\source</Filter>
    </ClInclude>
    <ClInclude Include="thirdparty\angelscript\source\as_parser.h">
      <Filter>thirdparty\angelscript\source</Filter>
    </ClInclude>
    <ClInclude Include="thirdparty\angelscript\source\as_property.h">
      <Filter>thirdparty\angelscript\source</Filter>
    </ClInclude>
    <ClInclude Include="thirdparty\angelscript\source\as_restore.h">
      <Filter>thirdparty\angelscript\source</Filter>
    </ClInclude>
    <ClInclude Include="thirdparty\angelscript\source\as_scriptcode.h">
      <Filter>thirdparty\angelscript\source</Filter>
    </ClInclude>
    <ClInclude Include="thirdparty\angelscript\source\as_scriptengine.h">
      <Filter>thirdparty\angelscript\source</Filter>
    </ClInclude>
    <ClInclude Include="thirdparty\angelscript\source\as_scriptfunction.h">
      <Filter>thirdparty\angelscript\source</Filter>
    </ClInclude>
    <ClInclude Include="thirdparty\angelscript\source\as_scriptnode.h">
      <Filter>thirdparty\angelscript\source</Filter>
    </ClInclude>
    <ClInclude Include="thirdparty\angelscript\source\as_scriptobject.h">
      <Filter>thirdparty\angelscript\source</Filter>
    </ClInclude>
    <ClInclude Include="thirdparty\angelscript\source\as_string.h">
      <Filter>thirdparty\angelscript\source</Filter>
    </ClInclude>
    <ClInclude Include="thirdparty\angelscript\source\as_string_util.h">
      <Filter>thirdparty\angelscript\source</Filter>
    </ClInclude>
    <ClInclude Include="thirdparty\angelscript\source\as_symboltable.h">
      <Filter>thirdparty\angelscript\source</Filter>
    </ClInclude>
    <ClInclude Include="thirdparty\angelscript\source\as_texts.h">
      <Filter>thirdparty\angelscript\source</Filter>
    </ClInclude>
    <ClInclude Include="thirdparty\angelscript\source\as_thread.h">
      <Filter>thirdparty\angelscript\source</Filter>
    </ClInclude>
    <ClInclude Include="thirdparty\angelscript\source\as_tokendef.h">
      <Filter>thirdparty\angelscript\source</Filter>
    </ClInclude>
    <ClInclude Include="thirdparty\angelscript\source\as_tokenizer.h">
      <Filter>thirdparty\angelscript\source</Filter>
    </ClInclude>
    <ClInclude Include="thirdparty\angelscript\source\as_typeinfo.h">
      <Filter>thirdparty\angelscript\source</Filter>
    </ClInclude>
    <ClInclude Include="thirdparty\angelscript\source\as_variablescope.h">
      <Filter>thirdparty\angelscript\source</Filter>
    </ClInclude>
    <ClInclude Include="thirdparty\angelscript\source\as_array.h">
      <Filter>thirdparty\angelscript\source</Filter>
    </ClInclude>
    <ClInclude Include="thirdparty\angelscript\source\as_atomic.h">
      <Filter>thirdparty\angelscript\source</Filter>
    </ClInclude>
    <ClInclude Include="thirdparty\autowrapper\aswrappedcall.h">
      <Filter>thirdparty\autowrapper</Filter>
    </ClInclude>
    <ClInclude Include="thirdparty\datetime\datetime.h">
      <Filter>thirdparty\datetime</Filter>
    </ClInclude>
    <ClInclude Include="thirdparty\fmt\include\fmt\core.h">
      <Filter>thirdparty\fmt\include\fmt</Filter>
    </ClInclude>
    <ClInclude Include="thirdparty\fmt\include\fmt\format.h">
      <Filter>thirdparty\fmt\include\fmt</Filter>
    </ClInclude>
    <ClInclude Include="thirdparty\fmt\include\fmt\format-inl.h">
      <Filter>thirdparty\fmt\include\fmt</Filter>
    </ClInclude>
    <ClInclude Include="thirdparty\fmt\include\fmt\os.h">
      <Filter>thirdparty\fmt\include\fmt</Filter>
    </ClInclude>
    <ClInclude Include="thirdparty\fmt\include\fmt\ostream.h">
      <Filter>thirdparty\fmt\include\fmt</Filter>
    </ClInclude>
    <ClInclude Include="thirdparty\fmt\include\fmt\printf.h">
      <Filter>thirdparty\fmt\include\fmt</Filter>
    </ClInclude>
    <ClInclude Include="thirdparty\fmt\include\fmt\ranges.h">
      <Filter>thirdparty\fmt\include\fmt</Filter>
    </ClInclude>
    <ClInclude Include="thirdparty\fmt\include\fmt\std.h">
      <Filter>thirdparty\fmt\include\fmt</Filter>
    </ClInclude>
    <ClInclude Include="thirdparty\fmt\include\fmt\xchar.h">
      <Filter>thirdparty\fmt\include\fmt</Filter>
    </ClInclude>
    <ClInclude Include="thirdparty\fmt\include\fmt\args.h">
      <Filter>thirdparty\fmt\include\fmt</Filter>
    </ClInclude>
    <ClInclude Include="thirdparty\fmt\include\fmt\base.h">
      <Filter>thirdparty\fmt\include\fmt</Filter>
    </ClInclude>
    <ClInclude Include="thirdparty\fmt\include\fmt\chrono.h">
      <Filter>thirdparty\fmt\include\fmt</Filter>
    </ClInclude>
    <ClInclude Include="thirdparty\fmt\include\fmt\color.h">
      <Filter>thirdparty\fmt\include\fmt</Filter>
    </ClInclude>
    <ClInclude Include="thirdparty\fmt\include\fmt\compile.h">
      <Filter>thirdparty\fmt\include\fmt</Filter>
    </ClInclude>
    <ClInclude Include="thirdparty\scriptany\scriptany.h">
      <Filter>thirdparty\scriptany</Filter>
    </ClInclude>
    <ClInclude Include="thirdparty\scriptarray\scriptarray.h">
      <Filter>thirdparty\scriptarray</Filter>
    </ClInclude>
    <ClInclude Include="thirdparty\scriptdictionary\scriptdictionary.h">
      <Filter>thirdparty\scriptdictionary</Filter>
    </ClInclude>
    <ClInclude Include="thirdparty\scripthelper\scripthelper.h">
      <Filter>thirdparty\scripthelper</Filter>
    </ClInclude>
    <ClInclude Include="thirdparty\scriptstdstring\scriptstdstring.h">
      <Filter>thirdparty\scriptstdstring</Filter>
    </ClInclude>
    <ClInclude Include="thirdparty\weakref\weakref.h">
      <Filter>thirdparty\weakref</Filter>
    </ClInclude>
    <ClInclude Include="q2as_reg.h" />
    <ClInclude Include="q2as_stringex.h" />
    <ClInclude Include="spall.h" />
    <ClInclude Include="yyjson.h" />
    <ClInclude Include="ctrack.hpp" />
    <ClInclude Include="palinteer.h" />
    <ClInclude Include="q2as_cgame.h" />
    <ClInclude Include="q2as_fixedarray.h" />
    <ClInclude Include="q2as_game.h" />
    <ClInclude Include="q2as_json.h" />
    <ClInclude Include="q2as_local.h" />
    <ClInclude Include="q2as_main.h" />
    <ClInclude Include="q2as_modules.h" />
    <ClInclude Include="q2as_pmove.h" />
    <ClInclude Include="q2as_predefined.h" />
  </ItemGroup>
  <ItemGroup>
    <Filter Include="debugger">
      <UniqueIdentifier>{bc9e0fa5-d3ff-418a-aa6e-d182d47be7cc}</UniqueIdentifier>
    </Filter>
    <Filter Include="scripts">
      <UniqueIdentifier>{518fb652-ccb8-410e-a681-a719e899bf5a}</UniqueIdentifier>
    </Filter>
    <Filter Include="thirdparty">
      <UniqueIdentifier>{e73a1487-6de0-4706-90f2-5ea3eb4b629a}</UniqueIdentifier>
    </Filter>
    <Filter Include="scripts\bgame">
      <UniqueIdentifier>{4f5a2204-e131-461d-b283-9bc92a4d2c17}</UniqueIdentifier>
    </Filter>
    <Filter Include="scripts\cgame">
      <UniqueIdentifier>{6a0d9b36-d9ee-4b96-916c-8a03a94074c0}</UniqueIdentifier>
    </Filter>
    <Filter Include="scripts\game">
      <UniqueIdentifier>{638580bc-4a75-46f4-b30d-9d66aac92bb4}</UniqueIdentifier>
    </Filter>
    <Filter Include="thirdparty\angelscript">
      <UniqueIdentifier>{fcab165c-0ab6-4809-bc81-d0fd618e903c}</UniqueIdentifier>
    </Filter>
    <Filter Include="thirdparty\autowrapper">
      <UniqueIdentifier>{c1cf6eab-18cb-49f3-98b4-a6eee731017f}</UniqueIdentifier>
    </Filter>
    <Filter Include="thirdparty\datetime">
      <UniqueIdentifier>{a7fff070-b2c8-448d-9568-385efa20c346}</UniqueIdentifier>
    </Filter>
    <Filter Include="thirdparty\fmt">
      <UniqueIdentifier>{43bd72a3-eada-4663-9244-95c3c118a184}</UniqueIdentifier>
    </Filter>
    <Filter Include="thirdparty\scriptany">
      <UniqueIdentifier>{c164b3cb-4e21-4fd6-a774-e0519587b5cb}</UniqueIdentifier>
    </Filter>
    <Filter Include="thirdparty\scriptarray">
      <UniqueIdentifier>{fe52ed75-5dd3-468b-ada0-16fe841f3a54}</UniqueIdentifier>
    </Filter>
    <Filter Include="thirdparty\scriptdictionary">
      <UniqueIdentifier>{c4d6f6d1-3bd4-4537-8d99-c94501c1bdef}</UniqueIdentifier>
    </Filter>
    <Filter Include="thirdparty\scripthelper">
      <UniqueIdentifier>{85e51a6b-38bb-44bd-b142-b66fa6747136}</UniqueIdentifier>
    </Filter>
    <Filter Include="thirdparty\scriptstdstring">
      <UniqueIdentifier>{f9a4e010-3f4d-4737-aa43-3be1ecd7ebc5}</UniqueIdentifier>
    </Filter>
    <Filter Include="thirdparty\weakref">
      <UniqueIdentifier>{ab769863-bf12-4c96-b96f-7d463a0a1377}</UniqueIdentifier>
    </Filter>
    <Filter Include="thirdparty\angelscript\include">
      <UniqueIdentifier>{31a8b42d-f9dd-4eee-acb2-80c76149b179}</UniqueIdentifier>
    </Filter>
    <Filter Include="thirdparty\angelscript\source">
      <UniqueIdentifier>{9ecebc56-2bb5-4599-8f1e-839a6bfcd145}</UniqueIdentifier>
    </Filter>
    <Filter Include="thirdparty\fmt\include">
      <UniqueIdentifier>{c3af67fb-42b6-4fb0-a0a6-a0f0fdb984f5}</UniqueIdentifier>
    </Filter>
    <Filter Include="thirdparty\fmt\src">
      <UniqueIdentifier>{225b8ba6-d30d-4b1f-bd96-7b27df46ae6d}</UniqueIdentifier>
    </Filter>
    <Filter Include="thirdparty\fmt\include\fmt">
      <UniqueIdentifier>{4f21767d-5a1d-47be-96d8-aabc9ef44b46}</UniqueIdentifier>
    </Filter>
  </ItemGroup>
  <ItemGroup>
    <None Include="scripts\as.predefined">
      <Filter>scripts</Filter>
    </None>
    <None Include="scripts\bgame\engine.as">
      <Filter>scripts\bgame</Filter>
    </None>
    <None Include="scripts\bgame\flash.as">
      <Filter>scripts\bgame</Filter>
    </None>
    <None Include="scripts\bgame\init.as">
      <Filter>scripts\bgame</Filter>
    </None>
    <None Include="scripts\bgame\pmove.as">
      <Filter>scripts\bgame</Filter>
    </None>
    <None Include="scripts\bgame\vec3.as">
      <Filter>scripts\bgame</Filter>
    </None>
    <None Include="scripts\bgame\bg.as">
      <Filter>scripts\bgame</Filter>
    </None>
    <None Include="scripts\cgame\cg_main.as">
      <Filter>scripts\cgame</Filter>
    </None>
    <None Include="scripts\cgame\cg_screen.as">
      <Filter>scripts\cgame</Filter>
    </None>
    <None Include="scripts\game\boss32.as">
      <Filter>scripts\game</Filter>
    </None>
    <None Include="scripts\game\bot_exports.as">
      <Filter>scripts\game</Filter>
    </None>
    <None Include="scripts\game\bot_utils.as">
      <Filter>scripts\game</Filter>
    </None>
    <None Include="scripts\game\brain.as">
      <Filter>scripts\game</Filter>
    </None>
    <None Include="scripts\game\carrier.as">
      <Filter>scripts\game</Filter>
    </None>
    <None Include="scripts\game\chase.as">
      <Filter>scripts\game</Filter>
    </None>
    <None Include="scripts\game\chick.as">
      <Filter>scripts\game</Filter>
    </None>
    <None Include="scripts\game\client.as">
      <Filter>scripts\game</Filter>
    </None>
    <None Include="scripts\game\cmd.as">
      <Filter>scripts\game</Filter>
    </None>
    <None Include="scripts\game\combat.as">
      <Filter>scripts\game</Filter>
    </None>
    <None Include="scripts\game\ctf.as">
      <Filter>scripts\game</Filter>
    </None>
    <None Include="scripts\game\edict.as">
      <Filter>scripts\game</Filter>
    </None>
    <None Include="scripts\game\engine.as">
      <Filter>scripts\game</Filter>
    </None>
    <None Include="scripts\game\fixbot.as">
      <Filter>scripts\game</Filter>
    </None>
    <None Include="scripts\game\flipper.as">
      <Filter>scripts\game</Filter>
    </None>
    <None Include="scripts\game\float.as">
      <Filter>scripts\game</Filter>
    </None>
    <None Include="scripts\game\flyer.as">
      <Filter>scripts\game</Filter>
    </None>
    <None Include="scripts\game\func.as">
      <Filter>scripts\game</Filter>
    </None>
    <None Include="scripts\game\g_weapon.as">
      <Filter>scripts\game</Filter>
    </None>
    <None Include="scripts\game\g_xatrix_weapon.as">
      <Filter>scripts\game</Filter>
    </None>
    <None Include="scripts\game\game.as">
      <Filter>scripts\game</Filter>
    </None>
    <None Include="scripts\game\gekk.as">
      <Filter>scripts\game</Filter>
    </None>
    <None Include="scripts\game\gladiator.as">
      <Filter>scripts\game</Filter>
    </None>
    <None Include="scripts\game\guardian.as">
      <Filter>scripts\game</Filter>
    </None>
    <None Include="scripts\game\guncmdr.as">
      <Filter>scripts\game</Filter>
    </None>
    <None Include="scripts\game\gunner.as">
      <Filter>scripts\game</Filter>
    </None>
    <None Include="scripts\game\hover.as">
      <Filter>scripts\game</Filter>
    </None>
    <None Include="scripts\game\hud.as">
      <Filter>scripts\game</Filter>
    </None>
    <None Include="scripts\game\infantry.as">
      <Filter>scripts\game</Filter>
    </None>
    <None Include="scripts\game\insane.as">
      <Filter>scripts\game</Filter>
    </None>
    <None Include="scripts\game\items.as">
      <Filter>scripts\game</Filter>
    </None>
    <None Include="scripts\game\level.as">
      <Filter>scripts\game</Filter>
    </None>
    <None Include="scripts\game\main.as">
      <Filter>scripts\game</Filter>
    </None>
    <None Include="scripts\game\medic.as">
      <Filter>scripts\game</Filter>
    </None>
    <None Include="scripts\game\misc.as">
      <Filter>scripts\game</Filter>
    </None>
    <None Include="scripts\game\monster.as">
      <Filter>scripts\game</Filter>
    </None>
    <None Include="scripts\game\monster_convert.sh">
      <Filter>scripts\game</Filter>
    </None>
    <None Include="scripts\game\move.as">
      <Filter>scripts\game</Filter>
    </None>
    <None Include="scripts\game\mutant.as">
      <Filter>scripts\game</Filter>
    </None>
    <None Include="scripts\game\p_ctf_menu.as">
      <Filter>scripts\game</Filter>
    </None>
    <None Include="scripts\game\p_trail.as">
      <Filter>scripts\game</Filter>
    </None>
    <None Include="scripts\game\p_weapon.as">
      <Filter>scripts\game</Filter>
    </None>
    <None Include="scripts\game\parasite.as">
      <Filter>scripts\game</Filter>
    </None>
    <None Include="scripts\game\phys.as">
      <Filter>scripts\game</Filter>
    </None>
    <None Include="scripts\game\rogue_combat.as">
      <Filter>scripts\game</Filter>
    </None>
    <None Include="scripts\game\rogue_dm.as">
      <Filter>scripts\game</Filter>
    </None>
    <None Include="scripts\game\rogue_func.as">
      <Filter>scripts\game</Filter>
    </None>
    <None Include="scripts\game\rogue_items.as">
      <Filter>scripts\game</Filter>
    </None>
    <None Include="scripts\game\rogue_misc.as">
      <Filter>scripts\game</Filter>
    </None>
    <None Include="scripts\game\rogue_monster.as">
      <Filter>scripts\game</Filter>
    </None>
    <None Include="scripts\game\rogue_newai.as">
      <Filter>scripts\game</Filter>
    </None>
    <None Include="scripts\game\rogue_newfunc.as">
      <Filter>scripts\game</Filter>
    </None>
    <None Include="scripts\game\rogue_newtarg.as">
      <Filter>scripts\game</Filter>
    </None>
    <None Include="scripts\game\rogue_newtrig.as">
      <Filter>scripts\game</Filter>
    </None>
    <None Include="scripts\game\rogue_newweap.as">
      <Filter>scripts\game</Filter>
    </None>
    <None Include="scripts\game\rogue_spawn.as">
      <Filter>scripts\game</Filter>
    </None>
    <None Include="scripts\game\rogue_sphere.as">
      <Filter>scripts\game</Filter>
    </None>
    <None Include="scripts\game\rogue_turret.as">
      <Filter>scripts\game</Filter>
    </None>
    <None Include="scripts\game\rogue_weapons.as">
      <Filter>scripts\game</Filter>
    </None>
    <None Include="scripts\game\save.as">
      <Filter>scripts\game</Filter>
    </None>
    <None Include="scripts\game\shambler.as">
      <Filter>scripts\game</Filter>
    </None>
    <None Include="scripts\game\soldier.as">
      <Filter>scripts\game</Filter>
    </None>
    <None Include="scripts\game\spawn.as">
      <Filter>scripts\game</Filter>
    </None>
    <None Include="scripts\game\stalker.as">
      <Filter>scripts\game</Filter>
    </None>
    <None Include="scripts\game\statusbar.as">
      <Filter>scripts\game</Filter>
    </None>
    <None Include="scripts\game\supertank.as">
      <Filter>scripts\game</Filter>
    </None>
    <None Include="scripts\game\tank.as">
      <Filter>scripts\game</Filter>
    </None>
    <None Include="scripts\game\target.as">
      <Filter>scripts\game</Filter>
    </None>
    <None Include="scripts\game\trigger.as">
      <Filter>scripts\game</Filter>
    </None>
    <None Include="scripts\game\turret.as">
      <Filter>scripts\game</Filter>
    </None>
    <None Include="scripts\game\utils.as">
      <Filter>scripts\game</Filter>
    </None>
    <None Include="scripts\game\view.as">
      <Filter>scripts\game</Filter>
    </None>
    <None Include="scripts\game\widow.as">
      <Filter>scripts\game</Filter>
    </None>
    <None Include="scripts\game\widow_misc.as">
      <Filter>scripts\game</Filter>
    </None>
    <None Include="scripts\game\widow2.as">
      <Filter>scripts\game</Filter>
    </None>
    <None Include="scripts\game\xatrix_func.as">
      <Filter>scripts\game</Filter>
    </None>
    <None Include="scripts\game\xatrix_misc.as">
      <Filter>scripts\game</Filter>
    </None>
    <None Include="scripts\game\xatrix_monster.as">
      <Filter>scripts\game</Filter>
    </None>
    <None Include="scripts\game\xatrix_target.as">
      <Filter>scripts\game</Filter>
    </None>
    <None Include="scripts\game\xatrix_weapon.as">
      <Filter>scripts\game</Filter>
    </None>
    <None Include="scripts\game\ai.as">
      <Filter>scripts\game</Filter>
    </None>
    <None Include="scripts\game\arachnid.as">
      <Filter>scripts\game</Filter>
    </None>
    <None Include="scripts\game\berserk.as">
      <Filter>scripts\game</Filter>
    </None>
    <None Include="scripts\game\boss2.as">
      <Filter>scripts\game</Filter>
    </None>
    <None Include="scripts\game\boss3.as">
      <Filter>scripts\game</Filter>
    </None>
    <None Include="scripts\game\boss31.as">
      <Filter>scripts\game</Filter>
    </None>
  </ItemGroup>
  <ItemGroup>
    <MASM Include="thirdparty\angelscript\source\as_callfunc_x64_msvc_asm.asm">
      <Filter>thirdparty\angelscript\source</Filter>
    </MASM>
  </ItemGroup>
</Project>